{
  "name": "aist-event-video-and-stage-opener",
  "lockfileVersion": 3,
  "requires": true,
  "packages": {
    "": {
      "name": "aist-event-video-and-stage-opener",
      "dependencies": {
        "@fontsource/jetbrains-mono": "^5.3.0",
        "@fontsource/space-grotesk": "^5.3.0",
        "gsap": "^3.15.0",
        "playwright": "^1.63.0"
      }
    },
    "node_modules/@fontsource/jetbrains-mono": {
      "version": "5.3.0",
      "resolved": "https://ms-feed-25.pkgs.visualstudio.com/1es-public/_packaging/npm-public/npm/registry/@fontsource/jetbrains-mono/-/jetbrains-mono-5.3.0.tgz",
      "integrity": "sha1-h7/YSfJLU27XLom1auDUIiNpf3Q=",
      "license": "OFL-1.1",
      "funding": {
        "url": "https://github.com/sponsors/ayuhito"
      }
    },
    "node_modules/@fontsource/space-grotesk": {
      "version": "5.3.0",
      "resolved": "https://ms-feed-25.pkgs.visualstudio.com/1es-public/_packaging/npm-public/npm/registry/@fontsource/space-grotesk/-/space-grotesk-5.3.0.tgz",
      "integrity": "sha1-JI8zNYunjO6Egygy96ecd6CWx+A=",
      "license": "OFL-1.1",
      "funding": {
        "url": "https://github.com/sponsors/ayuhito"
      }
    },
    "node_modules/gsap": {
      "version": "3.15.0",
      "resolved": "https://ms-feed-25.pkgs.visualstudio.com/1es-public/_packaging/npm-public/npm/registry/gsap/-/gsap-3.15.0.tgz",
      "integrity": "sha1-eFG6r/x3ZC8ts7F0nTY0+bWhnRQ=",
      "license": "Standard 'no charge' license: https://gsap.com/standard-license."
    },
    "node_modules/playwright": {
      "version": "1.63.0",
      "resolved": "https://ms-feed-25.pkgs.visualstudio.com/1es-public/_packaging/npm-public/npm/registry/playwright/-/playwright-1.63.0.tgz",
      "integrity": "sha1-mbVvn2mxtwxE8Av4Sy/lI0iuJRE=",
      "license": "Apache-2.0",
      "dependencies": {
        "playwright-core": "1.63.0"
      },
      "bin": {
        "playwright": "cli.js"
      },
      "engines": {
        "node": ">=20"
      }
    },
    "node_modules/playwright-core": {
      "version": "1.63.0",
      "resolved": "https://ms-feed-25.pkgs.visualstudio.com/1es-public/_packaging/npm-public/npm/registry/playwright-core/-/playwright-core-1.63.0.tgz",
      "integrity": "sha1-5XZlvDKEbCE6w5oeTVvGIo52s3Y=",
      "license": "Apache-2.0",
      "bin": {
        "playwright-core": "cli.js"
      },
      "engines": {
        "node": ">=20"
      }
    }
  }
}
